
Microsoft Visual Studio Solution File, Format Version 12.00
# Visual Studio Version 16
VisualStudioVersion = 16.0.31205.134
MinimumVisualStudioVersion = 10.0.40219.1
Project("{FAE04EC0-301F-11D3-BF4B-00C04F79EFBC}") = "MVC_GerenciadorDeConteudo", "MVC_GerenciadorDeConteudo\MVC_GerenciadorDeConteudo.csproj", "{83FD4ADA-BD80-4751-BF08-38264134FA8D}"
EndProject
Project("{FAE04EC0-301F-11D3-BF4B-00C04F79EFBC}") = "DataBase", "DataBase\DataBase.csproj", "{AEC6668E-1C2D-49C7-858C-651740605C9D}"
EndProject
Project("{FAE04EC0-301F-11D3-BF4B-00C04F79EFBC}") = "Business", "Business\Business.csproj", "{3C2A3E5A-BEED-48F4-96F5-A92B7747E043}"
EndProject
Global
	GlobalSection(SolutionConfigurationPlatforms) = preSolution
		Debug|Any CPU = Debug|Any CPU
		Release|Any CPU = Release|Any CPU
	EndGlobalSection
	GlobalSection(ProjectConfigurationPlatforms) = postSolution
		{83FD4ADA-BD80-4751-BF08-38264134FA8D}.Debug|Any CPU.ActiveCfg = Debug|Any CPU
		{83FD4ADA-BD80-4751-BF08-38264134FA8D}.Debug|Any CPU.Build.0 = Debug|Any CPU
		{83FD4ADA-BD80-4751-BF08-38264134FA8D}.Release|Any CPU.ActiveCfg = Release|Any CPU
		{83FD4ADA-BD80-4751-BF08-38264134FA8D}.Release|Any CPU.Build.0 = Release|Any CPU
		{AEC6668E-1C2D-49C7-858C-651740605C9D}.Debug|Any CPU.ActiveCfg = Debug|Any CPU
		{AEC6668E-1C2D-49C7-858C-651740605C9D}.Debug|Any CPU.Build.0 = Debug|Any CPU
		{AEC6668E-1C2D-49C7-858C-651740605C9D}.Release|Any CPU.ActiveCfg = Release|Any CPU
		{AEC6668E-1C2D-49C7-858C-651740605C9D}.Release|Any CPU.Build.0 = Release|Any CPU
		{3C2A3E5A-BEED-48F4-96F5-A92B7747E043}.Debug|Any CPU.ActiveCfg = Debug|Any CPU
		{3C2A3E5A-BEED-48F4-96F5-A92B7747E043}.Debug|Any CPU.Build.0 = Debug|Any CPU
		{3C2A3E5A-BEED-48F4-96F5-A92B7747E043}.Release|Any CPU.ActiveCfg = Release|Any CPU
		{3C2A3E5A-BEED-48F4-96F5-A92B7747E043}.Release|Any CPU.Build.0 = Release|Any CPU
	EndGlobalSection
	GlobalSection(SolutionProperties) = preSolution
		HideSolutionNode = FALSE
	EndGlobalSection
	GlobalSection(ExtensibilityGlobals) = postSolution
		SolutionGuid = {142FE76D-F802-4582-B400-070744F5FC96}
	EndGlobalSection
EndGlobal
